// !$*UTF8*$!
{
	archiveVersion = 1;
	classes = {
	};
	objectVersion = 48;
	objects = {

/* Begin PBXBuildFile section */
		426636362008487A00A0E405 /* AppDelegate.m in Sources */ = {isa = PBXBuildFile; fileRef = 426636352008487A00A0E405 /* AppDelegate.m */; };
		426636392008487A00A0E405 /* ViewController.m in Sources */ = {isa = PBXBuildFile; fileRef = 426636382008487A00A0E405 /* ViewController.m */; };
		4266363C2008487A00A0E405 /* Main.storyboard in Resources */ = {isa = PBXBuildFile; fileRef = 4266363A2008487A00A0E405 /* Main.storyboard */; };
		4266363E2008487A00A0E405 /* Assets.xcassets in Resources */ = {isa = PBXBuildFile; fileRef = 4266363D2008487A00A0E405 /* Assets.xcassets */; };
		426636412008487A00A0E405 /* LaunchScreen.storyboard in Resources */ = {isa = PBXBuildFile; fileRef = 4266363F2008487A00A0E405 /* LaunchScreen.storyboard */; };
		426636442008487A00A0E405 /* main.m in Sources */ = {isa = PBXBuildFile; fileRef = 426636432008487A00A0E405 /* main.m */; };
		42B7352820085CF500CA4735 /* InfoPlist.strings in Resources */ = {isa = PBXBuildFile; fileRef = 42B7352A20085CF500CA4735 /* InfoPlist.strings */; };
		42B7352F2008617500CA4735 /* JeffinController.m in Sources */ = {isa = PBXBuildFile; fileRef = 42B7352E2008617500CA4735 /* JeffinController.m */; };
		42B735342008669500CA4735 /* JeffinControllerLocalizable.strings in Resources */ = {isa = PBXBuildFile; fileRef = 42B735362008669500CA4735 /* JeffinControllerLocalizable.strings */; };
		42B7354020086BBE00CA4735 /* Localizable.strings in Resources */ = {isa = PBXBuildFile; fileRef = 42B7354220086BBE00CA4735 /* Localizable.strings */; };
/* End PBXBuildFile section */

/* Begin PBXFileReference section */
		426636312008487A00A0E405 /* 国际化.app */ = {isa = PBXFileReference; explicitFileType = wrapper.application; includeInIndex = 0; path = "国际化.app"; sourceTree = BUILT_PRODUCTS_DIR; };
		426636342008487A00A0E405 /* AppDelegate.h */ = {isa = PBXFileReference; lastKnownFileType = sourcecode.c.h; path = AppDelegate.h; sourceTree = "<group>"; };
		426636352008487A00A0E405 /* AppDelegate.m */ = {isa = PBXFileReference; lastKnownFileType = sourcecode.c.objc; path = AppDelegate.m; sourceTree = "<group>"; };
		426636372008487A00A0E405 /* ViewController.h */ = {isa = PBXFileReference; lastKnownFileType = sourcecode.c.h; path = ViewController.h; sourceTree = "<group>"; };
		426636382008487A00A0E405 /* ViewController.m */ = {isa = PBXFileReference; lastKnownFileType = sourcecode.c.objc; path = ViewController.m; sourceTree = "<group>"; };
		4266363B2008487A00A0E405 /* Base */ = {isa = PBXFileReference; lastKnownFileType = file.storyboard; name = Base; path = Base.lproj/Main.storyboard; sourceTree = "<group>"; };
		4266363D2008487A00A0E405 /* Assets.xcassets */ = {isa = PBXFileReference; lastKnownFileType = folder.assetcatalog; path = Assets.xcassets; sourceTree = "<group>"; };
		426636402008487A00A0E405 /* Base */ = {isa = PBXFileReference; lastKnownFileType = file.storyboard; name = Base; path = Base.lproj/LaunchScreen.storyboard; sourceTree = "<group>"; };
		426636422008487A00A0E405 /* Info.plist */ = {isa = PBXFileReference; lastKnownFileType = text.plist.xml; path = Info.plist; sourceTree = "<group>"; };
		426636432008487A00A0E405 /* main.m */ = {isa = PBXFileReference; lastKnownFileType = sourcecode.c.objc; path = main.m; sourceTree = "<group>"; };
		4266364A200848FA00A0E405 /* zh-Hans-CN */ = {isa = PBXFileReference; lastKnownFileType = text.plist.strings; name = "zh-Hans-CN"; path = "zh-Hans-CN.lproj/Main.strings"; sourceTree = "<group>"; };
		4266364B200848FA00A0E405 /* zh-Hans-CN */ = {isa = PBXFileReference; lastKnownFileType = text.plist.strings; name = "zh-Hans-CN"; path = "zh-Hans-CN.lproj/LaunchScreen.strings"; sourceTree = "<group>"; };
		4266364C2008493100A0E405 /* zh-Hant-TW */ = {isa = PBXFileReference; lastKnownFileType = text.plist.strings; name = "zh-Hant-TW"; path = "zh-Hant-TW.lproj/Main.strings"; sourceTree = "<group>"; };
		4266364D2008493100A0E405 /* zh-Hant-TW */ = {isa = PBXFileReference; lastKnownFileType = text.plist.strings; name = "zh-Hant-TW"; path = "zh-Hant-TW.lproj/LaunchScreen.strings"; sourceTree = "<group>"; };
		42B7352920085CF500CA4735 /* zh-Hans-CN */ = {isa = PBXFileReference; lastKnownFileType = text.plist.strings; name = "zh-Hans-CN"; path = "zh-Hans-CN.lproj/InfoPlist.strings"; sourceTree = "<group>"; };
		42B7352B20085D4600CA4735 /* zh-Hant-TW */ = {isa = PBXFileReference; lastKnownFileType = text.plist.strings; name = "zh-Hant-TW"; path = "zh-Hant-TW.lproj/InfoPlist.strings"; sourceTree = "<group>"; };
		42B7352C20085D4800CA4735 /* en */ = {isa = PBXFileReference; lastKnownFileType = text.plist.strings; name = en; path = en.lproj/InfoPlist.strings; sourceTree = "<group>"; };
		42B7352D2008617500CA4735 /* JeffinController.h */ = {isa = PBXFileReference; lastKnownFileType = sourcecode.c.h; path = JeffinController.h; sourceTree = "<group>"; };
		42B7352E2008617500CA4735 /* JeffinController.m */ = {isa = PBXFileReference; lastKnownFileType = sourcecode.c.objc; path = JeffinController.m; sourceTree = "<group>"; };
		42B735352008669500CA4735 /* zh-Hans-CN */ = {isa = PBXFileReference; lastKnownFileType = text.plist.strings; name = "zh-Hans-CN"; path = "zh-Hans-CN.lproj/JeffinControllerLocalizable.strings"; sourceTree = "<group>"; };
		42B735372008669600CA4735 /* en */ = {isa = PBXFileReference; lastKnownFileType = text.plist.strings; name = en; path = en.lproj/JeffinControllerLocalizable.strings; sourceTree = "<group>"; };
		42B735382008669700CA4735 /* zh-Hant-TW */ = {isa = PBXFileReference; lastKnownFileType = text.plist.strings; name = "zh-Hant-TW"; path = "zh-Hant-TW.lproj/JeffinControllerLocalizable.strings"; sourceTree = "<group>"; };
		42B7354120086BBE00CA4735 /* en */ = {isa = PBXFileReference; lastKnownFileType = text.plist.strings; name = en; path = en.lproj/Localizable.strings; sourceTree = "<group>"; };
		42B7354320086BBF00CA4735 /* zh-Hant-TW */ = {isa = PBXFileReference; lastKnownFileType = text.plist.strings; name = "zh-Hant-TW"; path = "zh-Hant-TW.lproj/Localizable.strings"; sourceTree = "<group>"; };
		42B7354420086BC000CA4735 /* zh-Hans-CN */ = {isa = PBXFileReference; lastKnownFileType = text.plist.strings; name = "zh-Hans-CN"; path = "zh-Hans-CN.lproj/Localizable.strings"; sourceTree = "<group>"; };
/* End PBXFileReference section */

/* Begin PBXFrameworksBuildPhase section */
		4266362E2008487A00A0E405 /* Frameworks */ = {
			isa = PBXFrameworksBuildPhase;
			buildActionMask = 2147483647;
			files = (
			);
			runOnlyForDeploymentPostprocessing = 0;
		};
/* End PBXFrameworksBuildPhase section */

/* Begin PBXGroup section */
		426636282008487A00A0E405 = {
			isa = PBXGroup;
			children = (
				426636332008487A00A0E405 /* 国际化 */,
				426636322008487A00A0E405 /* Products */,
			);
			sourceTree = "<group>";
		};
		426636322008487A00A0E405 /* Products */ = {
			isa = PBXGroup;
			children = (
				426636312008487A00A0E405 /* 国际化.app */,
			);
			name = Products;
			sourceTree = "<group>";
		};
		426636332008487A00A0E405 /* 国际化 */ = {
			isa = PBXGroup;
			children = (
				426636342008487A00A0E405 /* AppDelegate.h */,
				426636352008487A00A0E405 /* AppDelegate.m */,
				426636372008487A00A0E405 /* ViewController.h */,
				426636382008487A00A0E405 /* ViewController.m */,
				42B7352D2008617500CA4735 /* JeffinController.h */,
				42B7352E2008617500CA4735 /* JeffinController.m */,
				4266363A2008487A00A0E405 /* Main.storyboard */,
				4266363D2008487A00A0E405 /* Assets.xcassets */,
				4266363F2008487A00A0E405 /* LaunchScreen.storyboard */,
				426636422008487A00A0E405 /* Info.plist */,
				42B7352A20085CF500CA4735 /* InfoPlist.strings */,
				42B735362008669500CA4735 /* JeffinControllerLocalizable.strings */,
				42B7354220086BBE00CA4735 /* Localizable.strings */,
				426636432008487A00A0E405 /* main.m */,
			);
			path = "国际化";
			sourceTree = "<group>";
		};
/* End PBXGroup section */

/* Begin PBXNativeTarget section */
		426636302008487A00A0E405 /* 国际化 */ = {
			isa = PBXNativeTarget;
			buildConfigurationList = 426636472008487A00A0E405 /* Build configuration list for PBXNativeTarget "国际化" */;
			buildPhases = (
				4266362D2008487A00A0E405 /* Sources */,
				4266362E2008487A00A0E405 /* Frameworks */,
				4266362F2008487A00A0E405 /* Resources */,
			);
			buildRules = (
			);
			dependencies = (
			);
			name = "国际化";
			productName = "国际化";
			productReference = 426636312008487A00A0E405 /* 国际化.app */;
			productType = "com.apple.product-type.application";
		};
/* End PBXNativeTarget section */

/* Begin PBXProject section */
		426636292008487A00A0E405 /* Project object */ = {
			isa = PBXProject;
			attributes = {
				LastUpgradeCheck = 0920;
				ORGANIZATIONNAME = JeffinZhang;
				TargetAttributes = {
					426636302008487A00A0E405 = {
						CreatedOnToolsVersion = 9.2;
						ProvisioningStyle = Automatic;
					};
				};
			};
			buildConfigurationList = 4266362C2008487A00A0E405 /* Build configuration list for PBXProject "国际化" */;
			compatibilityVersion = "Xcode 8.0";
			developmentRegion = en;
			hasScannedForEncodings = 0;
			knownRegions = (
				en,
				Base,
				"zh-Hant-TW",
				"zh-Hans-CN",
			);
			mainGroup = 426636282008487A00A0E405;
			productRefGroup = 426636322008487A00A0E405 /* Products */;
			projectDirPath = "";
			projectRoot = "";
			targets = (
				426636302008487A00A0E405 /* 国际化 */,
			);
		};
/* End PBXProject section */

/* Begin PBXResourcesBuildPhase section */
		4266362F2008487A00A0E405 /* Resources */ = {
			isa = PBXResourcesBuildPhase;
			buildActionMask = 2147483647;
			files = (
				426636412008487A00A0E405 /* LaunchScreen.storyboard in Resources */,
				42B7352820085CF500CA4735 /* InfoPlist.strings in Resources */,
				42B7354020086BBE00CA4735 /* Localizable.strings in Resources */,
				42B735342008669500CA4735 /* JeffinControllerLocalizable.strings in Resources */,
				4266363E2008487A00A0E405 /* Assets.xcassets in Resources */,
				4266363C2008487A00A0E405 /* Main.storyboard in Resources */,
			);
			runOnlyForDeploymentPostprocessing = 0;
		};
/* End PBXResourcesBuildPhase section */

/* Begin PBXSourcesBuildPhase section */
		4266362D2008487A00A0E405 /* Sources */ = {
			isa = PBXSourcesBuildPhase;
			buildActionMask = 2147483647;
			files = (
				426636392008487A00A0E405 /* ViewController.m in Sources */,
				426636442008487A00A0E405 /* main.m in Sources */,
				426636362008487A00A0E405 /* AppDelegate.m in Sources */,
				42B7352F2008617500CA4735 /* JeffinController.m in Sources */,
			);
			runOnlyForDeploymentPostprocessing = 0;
		};
/* End PBXSourcesBuildPhase section */

/* Begin PBXVariantGroup section */
		4266363A2008487A00A0E405 /* Main.storyboard */ = {
			isa = PBXVariantGroup;
			children = (
				4266363B2008487A00A0E405 /* Base */,
				4266364A200848FA00A0E405 /* zh-Hans-CN */,
				4266364C2008493100A0E405 /* zh-Hant-TW */,
			);
			name = Main.storyboard;
			sourceTree = "<group>";
		};
		4266363F2008487A00A0E405 /* LaunchScreen.storyboard */ = {
			isa = PBXVariantGroup;
			children = (
				426636402008487A00A0E405 /* Base */,
				4266364B200848FA00A0E405 /* zh-Hans-CN */,
				4266364D2008493100A0E405 /* zh-Hant-TW */,
			);
			name = LaunchScreen.storyboard;
			sourceTree = "<group>";
		};
		42B7352A20085CF500CA4735 /* InfoPlist.strings */ = {
			isa = PBXVariantGroup;
			children = (
				42B7352920085CF500CA4735 /* zh-Hans-CN */,
				42B7352B20085D4600CA4735 /* zh-Hant-TW */,
				42B7352C20085D4800CA4735 /* en */,
			);
			name = InfoPlist.strings;
			sourceTree = "<group>";
		};
		42B735362008669500CA4735 /* JeffinControllerLocalizable.strings */ = {
			isa = PBXVariantGroup;
			children = (
				42B735352008669500CA4735 /* zh-Hans-CN */,
				42B735372008669600CA4735 /* en */,
				42B735382008669700CA4735 /* zh-Hant-TW */,
			);
			name = JeffinControllerLocalizable.strings;
			sourceTree = "<group>";
		};
		42B7354220086BBE00CA4735 /* Localizable.strings */ = {
			isa = PBXVariantGroup;
			children = (
				42B7354120086BBE00CA4735 /* en */,
				42B7354320086BBF00CA4735 /* zh-Hant-TW */,
				42B7354420086BC000CA4735 /* zh-Hans-CN */,
			);
			name = Localizable.strings;
			sourceTree = "<group>";
		};
/* End PBXVariantGroup section */

/* Begin XCBuildConfiguration section */
		426636452008487A00A0E405 /* Debug */ = {
			isa = XCBuildConfiguration;
			buildSettings = {
				ALWAYS_SEARCH_USER_PATHS = NO;
				CLANG_ANALYZER_LOCALIZABILITY_NONLOCALIZED = YES;
				CLANG_ANALYZER_NONNULL = YES;
				CLANG_ANALYZER_NUMBER_OBJECT_CONVERSION = YES_AGGRESSIVE;
				CLANG_CXX_LANGUAGE_STANDARD = "gnu++14";
				CLANG_CXX_LIBRARY = "libc++";
				CLANG_ENABLE_MODULES = YES;
				CLANG_ENABLE_OBJC_ARC = YES;
				CLANG_WARN_BLOCK_CAPTURE_AUTORELEASING = YES;
				CLANG_WARN_BOOL_CONVERSION = YES;
				CLANG_WARN_COMMA = YES;
				CLANG_WARN_CONSTANT_CONVERSION = YES;
				CLANG_WARN_DIRECT_OBJC_ISA_USAGE = YES_ERROR;
				CLANG_WARN_DOCUMENTATION_COMMENTS = YES;
				CLANG_WARN_EMPTY_BODY = YES;
				CLANG_WARN_ENUM_CONVERSION = YES;
				CLANG_WARN_INFINITE_RECURSION = YES;
				CLANG_WARN_INT_CONVERSION = YES;
				CLANG_WARN_NON_LITERAL_NULL_CONVERSION = YES;
				CLANG_WARN_OBJC_LITERAL_CONVERSION = YES;
				CLANG_WARN_OBJC_ROOT_CLASS = YES_ERROR;
				CLANG_WARN_RANGE_LOOP_ANALYSIS = YES;
				CLANG_WARN_STRICT_PROTOTYPES = YES;
				CLANG_WARN_SUSPICIOUS_MOVE = YES;
				CLANG_WARN_UNGUARDED_AVAILABILITY = YES_AGGRESSIVE;
				CLANG_WARN_UNREACHABLE_CODE = YES;
				CLANG_WARN__DUPLICATE_METHOD_MATCH = YES;
				CODE_SIGN_IDENTITY = "iPhone Developer";
				COPY_PHASE_STRIP = NO;
				DEBUG_INFORMATION_FORMAT = dwarf;
				ENABLE_STRICT_OBJC_MSGSEND = YES;
				ENABLE_TESTABILITY = YES;
				GCC_C_LANGUAGE_STANDARD = gnu11;
				GCC_DYNAMIC_NO_PIC = NO;
				GCC_NO_COMMON_BLOCKS = YES;
				GCC_OPTIMIZATION_LEVEL = 0;
				GCC_PREPROCESSOR_DEFINITIONS = (
					"DEBUG=1",
					"$(inherited)",
				);
				GCC_WARN_64_TO_32_BIT_CONVERSION = YES;
				GCC_WARN_ABOUT_RETURN_TYPE = YES_ERROR;
				GCC_WARN_UNDECLARED_SELECTOR = YES;
				GCC_WARN_UNINITIALIZED_AUTOS = YES_AGGRESSIVE;
				GCC_WARN_UNUSED_FUNCTION = YES;
				GCC_WARN_UNUSED_VARIABLE = YES;
				IPHONEOS_DEPLOYMENT_TARGET = 11.2;
				MTL_ENABLE_DEBUG_INFO = YES;
				ONLY_ACTIVE_ARCH = YES;
				SDKROOT = iphoneos;
			};
			name = Debug;
		};
		426636462008487A00A0E405 /* Release */ = {
			isa = XCBuildConfiguration;
			buildSettings = {
				ALWAYS_SEARCH_USER_PATHS = NO;
				CLANG_ANALYZER_LOCALIZABILITY_NONLOCALIZED = YES;
				CLANG_ANALYZER_NONNULL = YES;
				CLANG_ANALYZER_NUMBER_OBJECT_CONVERSION = YES_AGGRESSIVE;
				CLANG_CXX_LANGUAGE_STANDARD = "gnu++14";
				CLANG_CXX_LIBRARY = "libc++";
				CLANG_ENABLE_MODULES = YES;
				CLANG_ENABLE_OBJC_ARC = YES;
				CLANG_WARN_BLOCK_CAPTURE_AUTORELEASING = YES;
				CLANG_WARN_BOOL_CONVERSION = YES;
				CLANG_WARN_COMMA = YES;
				CLANG_WARN_CONSTANT_CONVERSION = YES;
				CLANG_WARN_DIRECT_OBJC_ISA_USAGE = YES_ERROR;
				CLANG_WARN_DOCUMENTATION_COMMENTS = YES;
				CLANG_WARN_EMPTY_BODY = YES;
				CLANG_WARN_ENUM_CONVERSION = YES;
				CLANG_WARN_INFINITE_RECURSION = YES;
				CLANG_WARN_INT_CONVERSION = YES;
				CLANG_WARN_NON_LITERAL_NULL_CONVERSION = YES;
				CLANG_WARN_OBJC_LITERAL_CONVERSION = YES;
				CLANG_WARN_OBJC_ROOT_CLASS = YES_ERROR;
				CLANG_WARN_RANGE_LOOP_ANALYSIS = YES;
				CLANG_WARN_STRICT_PROTOTYPES = YES;
				CLANG_WARN_SUSPICIOUS_MOVE = YES;
				CLANG_WARN_UNGUARDED_AVAILABILITY = YES_AGGRESSIVE;
				CLANG_WARN_UNREACHABLE_CODE = YES;
				CLANG_WARN__DUPLICATE_METHOD_MATCH = YES;
				CODE_SIGN_IDENTITY = "iPhone Developer";
				COPY_PHASE_STRIP = NO;
				DEBUG_INFORMATION_FORMAT = "dwarf-with-dsym";
				ENABLE_NS_ASSERTIONS = NO;
				ENABLE_STRICT_OBJC_MSGSEND = YES;
				GCC_C_LANGUAGE_STANDARD = gnu11;
				GCC_NO_COMMON_BLOCKS = YES;
				GCC_WARN_64_TO_32_BIT_CONVERSION = YES;
				GCC_WARN_ABOUT_RETURN_TYPE = YES_ERROR;
				GCC_WARN_UNDECLARED_SELECTOR = YES;
				GCC_WARN_UNINITIALIZED_AUTOS = YES_AGGRESSIVE;
				GCC_WARN_UNUSED_FUNCTION = YES;
				GCC_WARN_UNUSED_VARIABLE = YES;
				IPHONEOS_DEPLOYMENT_TARGET = 11.2;
				MTL_ENABLE_DEBUG_INFO = NO;
				SDKROOT = iphoneos;
				VALIDATE_PRODUCT = YES;
			};
			name = Release;
		};
		426636482008487A00A0E405 /* Debug */ = {
			isa = XCBuildConfiguration;
			buildSettings = {
				ASSETCATALOG_COMPILER_APPICON_NAME = AppIcon;
				CODE_SIGN_STYLE = Automatic;
				DEVELOPMENT_TEAM = 7C694V3275;
				INFOPLIST_FILE = "国际化/Info.plist";
				LD_RUNPATH_SEARCH_PATHS = "$(inherited) @executable_path/Frameworks";
				PRODUCT_BUNDLE_IDENTIFIER = "com.jeffin.internationalization.---";
				PRODUCT_NAME = "$(TARGET_NAME)";
				TARGETED_DEVICE_FAMILY = "1,2";
			};
			name = Debug;
		};
		426636492008487A00A0E405 /* Release */ = {
			isa = XCBuildConfiguration;
			buildSettings = {
				ASSETCATALOG_COMPILER_APPICON_NAME = AppIcon;
				CODE_SIGN_STYLE = Automatic;
				DEVELOPMENT_TEAM = 7C694V3275;
				INFOPLIST_FILE = "国际化/Info.plist";
				LD_RUNPATH_SEARCH_PATHS = "$(inherited) @executable_path/Frameworks";
				PRODUCT_BUNDLE_IDENTIFIER = "com.jeffin.internationalization.---";
				PRODUCT_NAME = "$(TARGET_NAME)";
				TARGETED_DEVICE_FAMILY = "1,2";
			};
			name = Release;
		};
/* End XCBuildConfiguration section */

/* Begin XCConfigurationList section */
		4266362C2008487A00A0E405 /* Build configuration list for PBXProject "国际化" */ = {
			isa = XCConfigurationList;
			buildConfigurations = (
				426636452008487A00A0E405 /* Debug */,
				426636462008487A00A0E405 /* Release */,
			);
			defaultConfigurationIsVisible = 0;
			defaultConfigurationName = Release;
		};
		426636472008487A00A0E405 /* Build configuration list for PBXNativeTarget "国际化" */ = {
			isa = XCConfigurationList;
			buildConfigurations = (
				426636482008487A00A0E405 /* Debug */,
				426636492008487A00A0E405 /* Release */,
			);
			defaultConfigurationIsVisible = 0;
			defaultConfigurationName = Release;
		};
/* End XCConfigurationList section */
	};
	rootObject = 426636292008487A00A0E405 /* Project object */;
}
